
Microsoft Visual Studio Solution File, Format Version 12.00
# Visual Studio 15
VisualStudioVersion = 15.0.26730.12
MinimumVisualStudioVersion = 10.0.40219.1
Project("{FAE04EC0-301F-11D3-BF4B-00C04F79EFBC}") = "Harkat", "Harkat\Harkat.csproj", "{2335E126-D66D-4FD6-BDC1-8DA563B192A6}"
EndProject
Project("{FAE04EC0-301F-11D3-BF4B-00C04F79EFBC}") = "Harka2", "Harka2\Harka2.csproj", "{C61FD9A6-6351-41B9-99F8-815DDFD90533}"
EndProject
Project("{FAE04EC0-301F-11D3-BF4B-00C04F79EFBC}") = "T2", "T2\T2.csproj", "{F0985A7D-DB06-41DE-ABC8-82787F4B251E}"
EndProject
Project("{FAE04EC0-301F-11D3-BF4B-00C04F79EFBC}") = "T4", "T4\T4.csproj", "{D8BB28D7-F9AA-4ACE-B728-88589CA9F1E6}"
EndProject
Global
	GlobalSection(SolutionConfigurationPlatforms) = preSolution
		Debug|Any CPU = Debug|Any CPU
		Release|Any CPU = Release|Any CPU
	EndGlobalSection
	GlobalSection(ProjectConfigurationPlatforms) = postSolution
		{2335E126-D66D-4FD6-BDC1-8DA563B192A6}.Debug|Any CPU.ActiveCfg = Debug|Any CPU
		{2335E126-D66D-4FD6-BDC1-8DA563B192A6}.Debug|Any CPU.Build.0 = Debug|Any CPU
		{2335E126-D66D-4FD6-BDC1-8DA563B192A6}.Release|Any CPU.ActiveCfg = Release|Any CPU
		{2335E126-D66D-4FD6-BDC1-8DA563B192A6}.Release|Any CPU.Build.0 = Release|Any CPU
		{C61FD9A6-6351-41B9-99F8-815DDFD90533}.Debug|Any CPU.ActiveCfg = Debug|Any CPU
		{C61FD9A6-6351-41B9-99F8-815DDFD90533}.Debug|Any CPU.Build.0 = Debug|Any CPU
		{C61FD9A6-6351-41B9-99F8-815DDFD90533}.Release|Any CPU.ActiveCfg = Release|Any CPU
		{C61FD9A6-6351-41B9-99F8-815DDFD90533}.Release|Any CPU.Build.0 = Release|Any CPU
		{F0985A7D-DB06-41DE-ABC8-82787F4B251E}.Debug|Any CPU.ActiveCfg = Debug|Any CPU
		{F0985A7D-DB06-41DE-ABC8-82787F4B251E}.Debug|Any CPU.Build.0 = Debug|Any CPU
		{F0985A7D-DB06-41DE-ABC8-82787F4B251E}.Release|Any CPU.ActiveCfg = Release|Any CPU
		{F0985A7D-DB06-41DE-ABC8-82787F4B251E}.Release|Any CPU.Build.0 = Release|Any CPU
		{D8BB28D7-F9AA-4ACE-B728-88589CA9F1E6}.Debug|Any CPU.ActiveCfg = Debug|Any CPU
		{D8BB28D7-F9AA-4ACE-B728-88589CA9F1E6}.Debug|Any CPU.Build.0 = Debug|Any CPU
		{D8BB28D7-F9AA-4ACE-B728-88589CA9F1E6}.Release|Any CPU.ActiveCfg = Release|Any CPU
		{D8BB28D7-F9AA-4ACE-B728-88589CA9F1E6}.Release|Any CPU.Build.0 = Release|Any CPU
	EndGlobalSection
	GlobalSection(SolutionProperties) = preSolution
		HideSolutionNode = FALSE
	EndGlobalSection
	GlobalSection(ExtensibilityGlobals) = postSolution
		SolutionGuid = {62AF6C58-C2FB-46A4-B064-05A5345B28E4}
	EndGlobalSection
EndGlobal
