
Microsoft Visual Studio Solution File, Format Version 12.00
# Visual Studio 15
VisualStudioVersion = 15.0.26730.12
MinimumVisualStudioVersion = 10.0.40219.1
Project("{FAE04EC0-301F-11D3-BF4B-00C04F79EFBC}") = "T1", "T1\T1.csproj", "{F1B40A6D-CC36-42F1-ABAB-060B043BDA05}"
EndProject
Project("{FAE04EC0-301F-11D3-BF4B-00C04F79EFBC}") = "T2", "T2\T2.csproj", "{2B679DBE-C085-4EE0-BD99-BC9B9F1CE0D6}"
EndProject
Project("{FAE04EC0-301F-11D3-BF4B-00C04F79EFBC}") = "T3", "T3\T3.csproj", "{77F21711-E2EE-4116-ABED-C880973F60F3}"
EndProject
Global
	GlobalSection(SolutionConfigurationPlatforms) = preSolution
		Debug|Any CPU = Debug|Any CPU
		Release|Any CPU = Release|Any CPU
	EndGlobalSection
	GlobalSection(ProjectConfigurationPlatforms) = postSolution
		{F1B40A6D-CC36-42F1-ABAB-060B043BDA05}.Debug|Any CPU.ActiveCfg = Debug|Any CPU
		{F1B40A6D-CC36-42F1-ABAB-060B043BDA05}.Debug|Any CPU.Build.0 = Debug|Any CPU
		{F1B40A6D-CC36-42F1-ABAB-060B043BDA05}.Release|Any CPU.ActiveCfg = Release|Any CPU
		{F1B40A6D-CC36-42F1-ABAB-060B043BDA05}.Release|Any CPU.Build.0 = Release|Any CPU
		{2B679DBE-C085-4EE0-BD99-BC9B9F1CE0D6}.Debug|Any CPU.ActiveCfg = Debug|Any CPU
		{2B679DBE-C085-4EE0-BD99-BC9B9F1CE0D6}.Debug|Any CPU.Build.0 = Debug|Any CPU
		{2B679DBE-C085-4EE0-BD99-BC9B9F1CE0D6}.Release|Any CPU.ActiveCfg = Release|Any CPU
		{2B679DBE-C085-4EE0-BD99-BC9B9F1CE0D6}.Release|Any CPU.Build.0 = Release|Any CPU
		{77F21711-E2EE-4116-ABED-C880973F60F3}.Debug|Any CPU.ActiveCfg = Debug|Any CPU
		{77F21711-E2EE-4116-ABED-C880973F60F3}.Debug|Any CPU.Build.0 = Debug|Any CPU
		{77F21711-E2EE-4116-ABED-C880973F60F3}.Release|Any CPU.ActiveCfg = Release|Any CPU
		{77F21711-E2EE-4116-ABED-C880973F60F3}.Release|Any CPU.Build.0 = Release|Any CPU
	EndGlobalSection
	GlobalSection(SolutionProperties) = preSolution
		HideSolutionNode = FALSE
	EndGlobalSection
	GlobalSection(ExtensibilityGlobals) = postSolution
		SolutionGuid = {9E95AAE9-77CD-489A-8079-8F9B6E4CE8E6}
	EndGlobalSection
EndGlobal
