
Microsoft Visual Studio Solution File, Format Version 12.00
# Visual Studio 15
VisualStudioVersion = 15.0.26430.16
MinimumVisualStudioVersion = 10.0.40219.1
Project("{FAE04EC0-301F-11D3-BF4B-00C04F79EFBC}") = "Interfaces", "Harkat\Interfaces.csproj", "{BF2D576C-4526-4AA2-9A9F-37CCA997CDA8}"
EndProject
Project("{FAE04EC0-301F-11D3-BF4B-00C04F79EFBC}") = "InterfaceExample", "InterfaceExample\InterfaceExample.csproj", "{31CAAB1F-8345-4899-8895-121E2A754B92}"
EndProject
Project("{FAE04EC0-301F-11D3-BF4B-00C04F79EFBC}") = "T1", "T1\T1.csproj", "{2406D727-0358-4770-A0B3-6F92C63F4F97}"
EndProject
Global
	GlobalSection(SolutionConfigurationPlatforms) = preSolution
		Debug|Any CPU = Debug|Any CPU
		Release|Any CPU = Release|Any CPU
	EndGlobalSection
	GlobalSection(ProjectConfigurationPlatforms) = postSolution
		{BF2D576C-4526-4AA2-9A9F-37CCA997CDA8}.Debug|Any CPU.ActiveCfg = Debug|Any CPU
		{BF2D576C-4526-4AA2-9A9F-37CCA997CDA8}.Debug|Any CPU.Build.0 = Debug|Any CPU
		{BF2D576C-4526-4AA2-9A9F-37CCA997CDA8}.Release|Any CPU.ActiveCfg = Release|Any CPU
		{BF2D576C-4526-4AA2-9A9F-37CCA997CDA8}.Release|Any CPU.Build.0 = Release|Any CPU
		{31CAAB1F-8345-4899-8895-121E2A754B92}.Debug|Any CPU.ActiveCfg = Debug|Any CPU
		{31CAAB1F-8345-4899-8895-121E2A754B92}.Debug|Any CPU.Build.0 = Debug|Any CPU
		{31CAAB1F-8345-4899-8895-121E2A754B92}.Release|Any CPU.ActiveCfg = Release|Any CPU
		{31CAAB1F-8345-4899-8895-121E2A754B92}.Release|Any CPU.Build.0 = Release|Any CPU
		{2406D727-0358-4770-A0B3-6F92C63F4F97}.Debug|Any CPU.ActiveCfg = Debug|Any CPU
		{2406D727-0358-4770-A0B3-6F92C63F4F97}.Debug|Any CPU.Build.0 = Debug|Any CPU
		{2406D727-0358-4770-A0B3-6F92C63F4F97}.Release|Any CPU.ActiveCfg = Release|Any CPU
		{2406D727-0358-4770-A0B3-6F92C63F4F97}.Release|Any CPU.Build.0 = Release|Any CPU
	EndGlobalSection
	GlobalSection(SolutionProperties) = preSolution
		HideSolutionNode = FALSE
	EndGlobalSection
EndGlobal
