
Microsoft Visual Studio Solution File, Format Version 12.00
# Visual Studio 15
VisualStudioVersion = 15.0.26730.12
MinimumVisualStudioVersion = 10.0.40219.1
Project("{FAE04EC0-301F-11D3-BF4B-00C04F79EFBC}") = "Interfaces", "Harkat\Interfaces.csproj", "{BF2D576C-4526-4AA2-9A9F-37CCA997CDA8}"
EndProject
Project("{FAE04EC0-301F-11D3-BF4B-00C04F79EFBC}") = "InterfaceExample", "InterfaceExample\InterfaceExample.csproj", "{31CAAB1F-8345-4899-8895-121E2A754B92}"
EndProject
Project("{FAE04EC0-301F-11D3-BF4B-00C04F79EFBC}") = "T1", "T1\T1.csproj", "{2406D727-0358-4770-A0B3-6F92C63F4F97}"
EndProject
Project("{FAE04EC0-301F-11D3-BF4B-00C04F79EFBC}") = "T2_2", "T2_2\T2_2.csproj", "{BF12093F-2B85-4E2A-85E8-64D5010C1FE9}"
EndProject
Project("{FAE04EC0-301F-11D3-BF4B-00C04F79EFBC}") = "T3", "T3\T3.csproj", "{73994F7E-DAC3-4CE4-9FB0-27B121F586BF}"
EndProject
Project("{FAE04EC0-301F-11D3-BF4B-00C04F79EFBC}") = "T5", "T5\T5.csproj", "{F3C71382-F7C2-4CBF-AC8C-FDC04DCDDE67}"
EndProject
Project("{FAE04EC0-301F-11D3-BF4B-00C04F79EFBC}") = "T6", "T6\T6.csproj", "{7114B61C-5FC2-4F5E-82E0-01A9682E9355}"
EndProject
Global
	GlobalSection(SolutionConfigurationPlatforms) = preSolution
		Debug|Any CPU = Debug|Any CPU
		Release|Any CPU = Release|Any CPU
	EndGlobalSection
	GlobalSection(ProjectConfigurationPlatforms) = postSolution
		{BF2D576C-4526-4AA2-9A9F-37CCA997CDA8}.Debug|Any CPU.ActiveCfg = Debug|Any CPU
		{BF2D576C-4526-4AA2-9A9F-37CCA997CDA8}.Debug|Any CPU.Build.0 = Debug|Any CPU
		{BF2D576C-4526-4AA2-9A9F-37CCA997CDA8}.Release|Any CPU.ActiveCfg = Release|Any CPU
		{BF2D576C-4526-4AA2-9A9F-37CCA997CDA8}.Release|Any CPU.Build.0 = Release|Any CPU
		{31CAAB1F-8345-4899-8895-121E2A754B92}.Debug|Any CPU.ActiveCfg = Debug|Any CPU
		{31CAAB1F-8345-4899-8895-121E2A754B92}.Debug|Any CPU.Build.0 = Debug|Any CPU
		{31CAAB1F-8345-4899-8895-121E2A754B92}.Release|Any CPU.ActiveCfg = Release|Any CPU
		{31CAAB1F-8345-4899-8895-121E2A754B92}.Release|Any CPU.Build.0 = Release|Any CPU
		{2406D727-0358-4770-A0B3-6F92C63F4F97}.Debug|Any CPU.ActiveCfg = Debug|Any CPU
		{2406D727-0358-4770-A0B3-6F92C63F4F97}.Debug|Any CPU.Build.0 = Debug|Any CPU
		{2406D727-0358-4770-A0B3-6F92C63F4F97}.Release|Any CPU.ActiveCfg = Release|Any CPU
		{2406D727-0358-4770-A0B3-6F92C63F4F97}.Release|Any CPU.Build.0 = Release|Any CPU
		{BF12093F-2B85-4E2A-85E8-64D5010C1FE9}.Debug|Any CPU.ActiveCfg = Debug|Any CPU
		{BF12093F-2B85-4E2A-85E8-64D5010C1FE9}.Debug|Any CPU.Build.0 = Debug|Any CPU
		{BF12093F-2B85-4E2A-85E8-64D5010C1FE9}.Release|Any CPU.ActiveCfg = Release|Any CPU
		{BF12093F-2B85-4E2A-85E8-64D5010C1FE9}.Release|Any CPU.Build.0 = Release|Any CPU
		{73994F7E-DAC3-4CE4-9FB0-27B121F586BF}.Debug|Any CPU.ActiveCfg = Debug|Any CPU
		{73994F7E-DAC3-4CE4-9FB0-27B121F586BF}.Debug|Any CPU.Build.0 = Debug|Any CPU
		{73994F7E-DAC3-4CE4-9FB0-27B121F586BF}.Release|Any CPU.ActiveCfg = Release|Any CPU
		{73994F7E-DAC3-4CE4-9FB0-27B121F586BF}.Release|Any CPU.Build.0 = Release|Any CPU
		{F3C71382-F7C2-4CBF-AC8C-FDC04DCDDE67}.Debug|Any CPU.ActiveCfg = Debug|Any CPU
		{F3C71382-F7C2-4CBF-AC8C-FDC04DCDDE67}.Debug|Any CPU.Build.0 = Debug|Any CPU
		{F3C71382-F7C2-4CBF-AC8C-FDC04DCDDE67}.Release|Any CPU.ActiveCfg = Release|Any CPU
		{F3C71382-F7C2-4CBF-AC8C-FDC04DCDDE67}.Release|Any CPU.Build.0 = Release|Any CPU
		{7114B61C-5FC2-4F5E-82E0-01A9682E9355}.Debug|Any CPU.ActiveCfg = Debug|Any CPU
		{7114B61C-5FC2-4F5E-82E0-01A9682E9355}.Debug|Any CPU.Build.0 = Debug|Any CPU
		{7114B61C-5FC2-4F5E-82E0-01A9682E9355}.Release|Any CPU.ActiveCfg = Release|Any CPU
		{7114B61C-5FC2-4F5E-82E0-01A9682E9355}.Release|Any CPU.Build.0 = Release|Any CPU
	EndGlobalSection
	GlobalSection(SolutionProperties) = preSolution
		HideSolutionNode = FALSE
	EndGlobalSection
	GlobalSection(ExtensibilityGlobals) = postSolution
		SolutionGuid = {418F1C48-31F5-4B84-82A7-B1C9FE6CD756}
	EndGlobalSection
EndGlobal
