
Microsoft Visual Studio Solution File, Format Version 12.00
# Visual Studio 15
VisualStudioVersion = 15.0.26730.12
MinimumVisualStudioVersion = 10.0.40219.1
Project("{FAE04EC0-301F-11D3-BF4B-00C04F79EFBC}") = "Harkat", "Harkat\Harkat.csproj", "{8B2C43F1-B4EB-4111-9CD0-4BA789FDD915}"
EndProject
Project("{FAE04EC0-301F-11D3-BF4B-00C04F79EFBC}") = "T1", "T1\T1.csproj", "{AFCC5558-D7BC-4E96-A92A-360A60FFF4C2}"
EndProject
Project("{FAE04EC0-301F-11D3-BF4B-00C04F79EFBC}") = "T2", "T2\T2.csproj", "{94B28F55-7658-4684-8675-F5A020E6D93C}"
EndProject
Project("{FAE04EC0-301F-11D3-BF4B-00C04F79EFBC}") = "T3", "T3\T3.csproj", "{E7A55BFE-E99A-4461-A795-834A9C265DB5}"
EndProject
Project("{FAE04EC0-301F-11D3-BF4B-00C04F79EFBC}") = "T4", "T4\T4.csproj", "{1A7A8667-DAF6-49B3-A9EA-7167D8E8D36E}"
EndProject
Global
	GlobalSection(SolutionConfigurationPlatforms) = preSolution
		Debug|Any CPU = Debug|Any CPU
		Release|Any CPU = Release|Any CPU
	EndGlobalSection
	GlobalSection(ProjectConfigurationPlatforms) = postSolution
		{8B2C43F1-B4EB-4111-9CD0-4BA789FDD915}.Debug|Any CPU.ActiveCfg = Debug|Any CPU
		{8B2C43F1-B4EB-4111-9CD0-4BA789FDD915}.Debug|Any CPU.Build.0 = Debug|Any CPU
		{8B2C43F1-B4EB-4111-9CD0-4BA789FDD915}.Release|Any CPU.ActiveCfg = Release|Any CPU
		{8B2C43F1-B4EB-4111-9CD0-4BA789FDD915}.Release|Any CPU.Build.0 = Release|Any CPU
		{AFCC5558-D7BC-4E96-A92A-360A60FFF4C2}.Debug|Any CPU.ActiveCfg = Debug|Any CPU
		{AFCC5558-D7BC-4E96-A92A-360A60FFF4C2}.Debug|Any CPU.Build.0 = Debug|Any CPU
		{AFCC5558-D7BC-4E96-A92A-360A60FFF4C2}.Release|Any CPU.ActiveCfg = Release|Any CPU
		{AFCC5558-D7BC-4E96-A92A-360A60FFF4C2}.Release|Any CPU.Build.0 = Release|Any CPU
		{94B28F55-7658-4684-8675-F5A020E6D93C}.Debug|Any CPU.ActiveCfg = Debug|Any CPU
		{94B28F55-7658-4684-8675-F5A020E6D93C}.Debug|Any CPU.Build.0 = Debug|Any CPU
		{94B28F55-7658-4684-8675-F5A020E6D93C}.Release|Any CPU.ActiveCfg = Release|Any CPU
		{94B28F55-7658-4684-8675-F5A020E6D93C}.Release|Any CPU.Build.0 = Release|Any CPU
		{E7A55BFE-E99A-4461-A795-834A9C265DB5}.Debug|Any CPU.ActiveCfg = Debug|Any CPU
		{E7A55BFE-E99A-4461-A795-834A9C265DB5}.Debug|Any CPU.Build.0 = Debug|Any CPU
		{E7A55BFE-E99A-4461-A795-834A9C265DB5}.Release|Any CPU.ActiveCfg = Release|Any CPU
		{E7A55BFE-E99A-4461-A795-834A9C265DB5}.Release|Any CPU.Build.0 = Release|Any CPU
		{1A7A8667-DAF6-49B3-A9EA-7167D8E8D36E}.Debug|Any CPU.ActiveCfg = Debug|Any CPU
		{1A7A8667-DAF6-49B3-A9EA-7167D8E8D36E}.Debug|Any CPU.Build.0 = Debug|Any CPU
		{1A7A8667-DAF6-49B3-A9EA-7167D8E8D36E}.Release|Any CPU.ActiveCfg = Release|Any CPU
		{1A7A8667-DAF6-49B3-A9EA-7167D8E8D36E}.Release|Any CPU.Build.0 = Release|Any CPU
	EndGlobalSection
	GlobalSection(SolutionProperties) = preSolution
		HideSolutionNode = FALSE
	EndGlobalSection
	GlobalSection(ExtensibilityGlobals) = postSolution
		SolutionGuid = {8D960E3C-A9C1-4E75-B481-ACE2B633ED3D}
	EndGlobalSection
EndGlobal
