
Microsoft Visual Studio Solution File, Format Version 12.00
# Visual Studio 15
VisualStudioVersion = 15.0.26730.12
MinimumVisualStudioVersion = 10.0.40219.1
Project("{FAE04EC0-301F-11D3-BF4B-00C04F79EFBC}") = "Harkat", "Harkat\Harkat.csproj", "{357827FB-CCA5-4235-92AC-E510EF4150FA}"
EndProject
Project("{FAE04EC0-301F-11D3-BF4B-00C04F79EFBC}") = "T6", "T6\T6.csproj", "{F7DEA278-BEE9-4A94-A2A5-1CEEAC477151}"
EndProject
Project("{FAE04EC0-301F-11D3-BF4B-00C04F79EFBC}") = "T1", "T1\T1.csproj", "{2C8F5123-AF4E-4895-BB0C-3CA4314C653F}"
EndProject
Global
	GlobalSection(SolutionConfigurationPlatforms) = preSolution
		Debug|Any CPU = Debug|Any CPU
		Release|Any CPU = Release|Any CPU
	EndGlobalSection
	GlobalSection(ProjectConfigurationPlatforms) = postSolution
		{357827FB-CCA5-4235-92AC-E510EF4150FA}.Debug|Any CPU.ActiveCfg = Debug|Any CPU
		{357827FB-CCA5-4235-92AC-E510EF4150FA}.Debug|Any CPU.Build.0 = Debug|Any CPU
		{357827FB-CCA5-4235-92AC-E510EF4150FA}.Release|Any CPU.ActiveCfg = Release|Any CPU
		{357827FB-CCA5-4235-92AC-E510EF4150FA}.Release|Any CPU.Build.0 = Release|Any CPU
		{F7DEA278-BEE9-4A94-A2A5-1CEEAC477151}.Debug|Any CPU.ActiveCfg = Debug|Any CPU
		{F7DEA278-BEE9-4A94-A2A5-1CEEAC477151}.Debug|Any CPU.Build.0 = Debug|Any CPU
		{F7DEA278-BEE9-4A94-A2A5-1CEEAC477151}.Release|Any CPU.ActiveCfg = Release|Any CPU
		{F7DEA278-BEE9-4A94-A2A5-1CEEAC477151}.Release|Any CPU.Build.0 = Release|Any CPU
		{2C8F5123-AF4E-4895-BB0C-3CA4314C653F}.Debug|Any CPU.ActiveCfg = Debug|Any CPU
		{2C8F5123-AF4E-4895-BB0C-3CA4314C653F}.Debug|Any CPU.Build.0 = Debug|Any CPU
		{2C8F5123-AF4E-4895-BB0C-3CA4314C653F}.Release|Any CPU.ActiveCfg = Release|Any CPU
		{2C8F5123-AF4E-4895-BB0C-3CA4314C653F}.Release|Any CPU.Build.0 = Release|Any CPU
	EndGlobalSection
	GlobalSection(SolutionProperties) = preSolution
		HideSolutionNode = FALSE
	EndGlobalSection
	GlobalSection(ExtensibilityGlobals) = postSolution
		SolutionGuid = {4AF3591C-DE4A-430B-B4F3-6BEED01FAF68}
	EndGlobalSection
EndGlobal
